hash: 703b50a6be153f5b8ef7f5449187a590418275e456f4226382332d3cd84493b1
updated: 2019-02-08T23:10:41.131144+02:00
imports:
- name: github.com/99designs/gqlgen
  version: da1e07f5876c0fb79cbad19006f7135be08590d6
  subpackages:
  - complexity
  - graphql
  - graphql/introspection
  - handler
- name: github.com/agnivade/levenshtein
  version: 185086b29d40851ac6c41150d8e497ea2b9520e9
- name: github.com/beorn7/perks
  version: 3a771d992973f24aa725d07868b467d1ddfceafb
  subpackages:
  - quantile
- name: github.com/go-kit/kit
  version: 12210fb6ace19e0496167bb3e667dcd91fa9f69b
  subpackages:
  - endpoint
  - log
  - log/level
  - metrics
  - metrics/internal/lv
  - metrics/prometheus
  - tracing/opentracing
  - transport/http
- name: github.com/go-logfmt/logfmt
  version: 07c9b44f60d7ffdfb7d8efe1ad539965737836dc
- name: github.com/golang/protobuf
  version: aa810b61a9c79d51363740d207bb46cf8e620ed5
  subpackages:
  - proto
- name: github.com/gorilla/handlers
  version: 7e0847f9db758cdebd26c149d0ae9d5d0b9c98ce
- name: github.com/gorilla/mux
  version: a7962380ca08b5a188038c69871b8d3fbdf31e89
- name: github.com/gorilla/websocket
  version: 95ba29eb981bbb27d92e1f70bf8a1949452d926b
- name: github.com/hashicorp/golang-lru
  version: 20f1fb78b0740ba8c3cb143a61e86ba5c8669768
  subpackages:
  - simplelru
- name: github.com/kr/logfmt
  version: b84e30acd515aadc4b783ad4ff83aff3299bdfe0
- name: github.com/matttproud/golang_protobuf_extensions
  version: c182affec369e30f25d3eb8cd8a478dee585ae7d
  subpackages:
  - pbutil
- name: github.com/oklog/oklog
  version: e3ad1c411c27b4bc18c5facb9331820d141a5a54
  subpackages:
  - pkg/group
- name: github.com/oklog/run
  version: 4dadeb3030eda0273a12382bb2348ffc7c9d1a39
- name: github.com/opentracing/opentracing-go
  version: 1949ddbfd147afd4d964a9f00b24eb291e0e7c38
  subpackages:
  - ext
  - log
- name: github.com/prometheus/client_golang
  version: 505eaef017263e299324067d40ca2c48f6a2cf50
  subpackages:
  - prometheus
  - prometheus/internal
  - prometheus/promhttp
- name: github.com/prometheus/client_model
  version: 56726106282f1985ea77d5305743db7231b0c0a8
  subpackages:
  - go
- name: github.com/prometheus/common
  version: 2998b132700a7d019ff618c06a234b47c1f3f681
  subpackages:
  - expfmt
  - internal/bitbucket.org/ww/goautoneg
  - model
- name: github.com/prometheus/procfs
  version: bf6a532e95b1f7a62adf0ab5050a5bb2237ad2f4
  subpackages:
  - internal/util
  - nfs
  - xfs
- name: github.com/vektah/gqlparser
  version: 4118a915244a726381fefaf7521051aee21d5a50
  subpackages:
  - ast
  - gqlerror
  - lexer
  - parser
  - validator
  - validator/rules
- name: golang.org/x/net
  version: 915654e7eabcea33ae277abbecf52f0d8b7a9fdc
  subpackages:
  - context
- name: google.golang.org/grpc
  version: a02b0774206b209466313a0b525d2c738fe407eb
  subpackages:
  - metadata
testImports: []
