hash: d6f93a87f2c028d483f39487c372957b5b659296feedce26d06a0526b22c781d
updated: 2019-01-11T13:31:05.4599661+02:00
imports:
- name: github.com/go-kit/kit
  version: 12210fb6ace19e0496167bb3e667dcd91fa9f69b
  subpackages:
  - endpoint
  - log
  - tracing/opentracing
  - transport/grpc
  - transport/http
- name: github.com/go-logfmt/logfmt
  version: 07c9b44f60d7ffdfb7d8efe1ad539965737836dc
- name: github.com/golang/protobuf
  version: 1d3f30b51784bec5aad268e59fd3c2fc1c2fe73f
  subpackages:
  - proto
  - ptypes
  - ptypes/any
  - ptypes/duration
  - ptypes/timestamp
- name: github.com/kr/logfmt
  version: b84e30acd515aadc4b783ad4ff83aff3299bdfe0
- name: github.com/oklog/oklog
  version: ca7cdf51fb41fbc290986e9a24db4fa644ab0714
  subpackages:
  - pkg/group
- name: github.com/oklog/run
  version: 6934b124db28979da51d3470dadfa34d73d72652
- name: github.com/opentracing/opentracing-go
  version: 8b5a441dc60e8d9bb9bf9d22060b6d94fa599983
  subpackages:
  - ext
  - log
- name: golang.org/x/net
  version: 45ffb0cd1ba084b73e26dee67e667e1be5acce83
  subpackages:
  - context
  - http/httpguts
  - http2
  - http2/hpack
  - idna
  - internal/timeseries
  - trace
- name: golang.org/x/sys
  version: 7fbe1cd0fcc20051e1fcb87fbabec4a1bacaaeba
  subpackages:
  - unix
- name: golang.org/x/text
  version: e6919f6577db79269a6443b9dc46d18f2238fb5d
  subpackages:
  - secure/bidirule
  - transform
  - unicode/bidi
  - unicode/norm
- name: google.golang.org/genproto
  version: bd9b4fb69e2ffd37621a6caa54dcbead29b546f2
  subpackages:
  - googleapis/rpc/status
- name: google.golang.org/grpc
  version: 0a391ff2b775475d1105422656eb65b21d66c067
  subpackages:
  - balancer
  - balancer/base
  - balancer/roundrobin
  - binarylog/grpc_binarylog_v1
  - codes
  - connectivity
  - credentials
  - credentials/internal
  - encoding
  - encoding/proto
  - grpclog
  - internal
  - internal/backoff
  - internal/binarylog
  - internal/channelz
  - internal/envconfig
  - internal/grpcrand
  - internal/grpcsync
  - internal/syscall
  - internal/transport
  - keepalive
  - metadata
  - naming
  - peer
  - resolver
  - resolver/dns
  - resolver/passthrough
  - stats
  - status
  - tap
testImports: []
